// !$*UTF8*$!
{
	archiveVersion = 1;
	classes = {
	};
	objectVersion = 56;
	objects = {

/* Begin PBXBuildFile section */
		7C9C2AAC2CF3B68100C310BE /* AppDelegate.swift in Sources */ = {isa = PBXBuildFile; fileRef = 7C9C2AAB2CF3B68100C310BE /* AppDelegate.swift */; };
		7C9C2AAE2CF3B68100C310BE /* SceneDelegate.swift in Sources */ = {isa = PBXBuildFile; fileRef = 7C9C2AAD2CF3B68100C310BE /* SceneDelegate.swift */; };
		7C9C2AB02CF3B68100C310BE /* ViewController.swift in Sources */ = {isa = PBXBuildFile; fileRef = 7C9C2AAF2CF3B68100C310BE /* ViewController.swift */; };
		7C9C2AB32CF3B68100C310BE /* Main.storyboard in Resources */ = {isa = PBXBuildFile; fileRef = 7C9C2AB12CF3B68100C310BE /* Main.storyboard */; };
		7C9C2AB52CF3B68200C310BE /* Assets.xcassets in Resources */ = {isa = PBXBuildFile; fileRef = 7C9C2AB42CF3B68200C310BE /* Assets.xcassets */; };
		7C9C2AB82CF3B68200C310BE /* LaunchScreen.storyboard in Resources */ = {isa = PBXBuildFile; fileRef = 7C9C2AB62CF3B68200C310BE /* LaunchScreen.storyboard */; };
		7C9C2AC22CF3B89200C310BE /* HomeViewControler.swift in Sources */ = {isa = PBXBuildFile; fileRef = 7C9C2AC12CF3B89200C310BE /* HomeViewControler.swift */; };
		7C9C2AC42CF3C09F00C310BE /* CustomTableViewCell.swift in Sources */ = {isa = PBXBuildFile; fileRef = 7C9C2AC32CF3C09F00C310BE /* CustomTableViewCell.swift */; };
		7C9C2AC92CF3C4B100C310BE /* LoginViewController.swift in Sources */ = {isa = PBXBuildFile; fileRef = 7C9C2AC82CF3C4B100C310BE /* LoginViewController.swift */; };
		7C9C2ACD2CF3C4E600C310BE /* RegisterViewController.swift in Sources */ = {isa = PBXBuildFile; fileRef = 7C9C2ACC2CF3C4E600C310BE /* RegisterViewController.swift */; };
		7C9C2ACF2CF3C65600C310BE /* TabBarController.swift in Sources */ = {isa = PBXBuildFile; fileRef = 7C9C2ACE2CF3C65600C310BE /* TabBarController.swift */; };
		7C9C2AD12CF3C81500C310BE /* CustomNavigationController.swift in Sources */ = {isa = PBXBuildFile; fileRef = 7C9C2AD02CF3C81500C310BE /* CustomNavigationController.swift */; };
		7C9C2AD32CF3CCBB00C310BE /* CustomTextField.swift in Sources */ = {isa = PBXBuildFile; fileRef = 7C9C2AD22CF3CCBB00C310BE /* CustomTextField.swift */; };
		7C9C2AD62CF3DEF100C310BE /* SettingsViewController.swift in Sources */ = {isa = PBXBuildFile; fileRef = 7C9C2AD52CF3DEF100C310BE /* SettingsViewController.swift */; };
		7C9C2ADA2CF946C800C310BE /* HomeService.swift in Sources */ = {isa = PBXBuildFile; fileRef = 7C9C2AD92CF946C800C310BE /* HomeService.swift */; };
		7CD65BCE2CFA8E2F00269453 /* ReminderViewController.swift in Sources */ = {isa = PBXBuildFile; fileRef = 7CD65BCD2CFA8E2F00269453 /* ReminderViewController.swift */; };
		7CD65BD12CFA935900269453 /* CreateTaskViewController.swift in Sources */ = {isa = PBXBuildFile; fileRef = 7CD65BD02CFA935900269453 /* CreateTaskViewController.swift */; };
		7CD65BD42CFAA1B500269453 /* EditTaskViewController.swift in Sources */ = {isa = PBXBuildFile; fileRef = 7CD65BD32CFAA1B500269453 /* EditTaskViewController.swift */; };
		C02A84174A3E872539DFFB2B /* Pods_ToDoList.framework in Frameworks */ = {isa = PBXBuildFile; fileRef = E86AD7C068F3164348E1BECC /* Pods_ToDoList.framework */; };
/* End PBXBuildFile section */

/* Begin PBXFileReference section */
		45FAC9BFEFED27FE66385109 /* Pods-ToDoList.debug.xcconfig */ = {isa = PBXFileReference; includeInIndex = 1; lastKnownFileType = text.xcconfig; name = "Pods-ToDoList.debug.xcconfig"; path = "Target Support Files/Pods-ToDoList/Pods-ToDoList.debug.xcconfig"; sourceTree = "<group>"; };
		7C9C2AA82CF3B68100C310BE /* ToDoList.app */ = {isa = PBXFileReference; explicitFileType = wrapper.application; includeInIndex = 0; path = ToDoList.app; sourceTree = BUILT_PRODUCTS_DIR; };
		7C9C2AAB2CF3B68100C310BE /* AppDelegate.swift */ = {isa = PBXFileReference; lastKnownFileType = sourcecode.swift; path = AppDelegate.swift; sourceTree = "<group>"; };
		7C9C2AAD2CF3B68100C310BE /* SceneDelegate.swift */ = {isa = PBXFileReference; lastKnownFileType = sourcecode.swift; path = SceneDelegate.swift; sourceTree = "<group>"; };
		7C9C2AAF2CF3B68100C310BE /* ViewController.swift */ = {isa = PBXFileReference; lastKnownFileType = sourcecode.swift; path = ViewController.swift; sourceTree = "<group>"; };
		7C9C2AB22CF3B68100C310BE /* Base */ = {isa = PBXFileReference; lastKnownFileType = file.storyboard; name = Base; path = Base.lproj/Main.storyboard; sourceTree = "<group>"; };
		7C9C2AB42CF3B68200C310BE /* Assets.xcassets */ = {isa = PBXFileReference; lastKnownFileType = folder.assetcatalog; path = Assets.xcassets; sourceTree = "<group>"; };
		7C9C2AB72CF3B68200C310BE /* Base */ = {isa = PBXFileReference; lastKnownFileType = file.storyboard; name = Base; path = Base.lproj/LaunchScreen.storyboard; sourceTree = "<group>"; };
		7C9C2AB92CF3B68200C310BE /* Info.plist */ = {isa = PBXFileReference; lastKnownFileType = text.plist.xml; path = Info.plist; sourceTree = "<group>"; };
		7C9C2AC12CF3B89200C310BE /* HomeViewControler.swift */ = {isa = PBXFileReference; lastKnownFileType = sourcecode.swift; path = HomeViewControler.swift; sourceTree = "<group>"; };
		7C9C2AC32CF3C09F00C310BE /* CustomTableViewCell.swift */ = {isa = PBXFileReference; lastKnownFileType = sourcecode.swift; path = CustomTableViewCell.swift; sourceTree = "<group>"; };
		7C9C2AC82CF3C4B100C310BE /* LoginViewController.swift */ = {isa = PBXFileReference; lastKnownFileType = sourcecode.swift; path = LoginViewController.swift; sourceTree = "<group>"; };
		7C9C2ACC2CF3C4E600C310BE /* RegisterViewController.swift */ = {isa = PBXFileReference; lastKnownFileType = sourcecode.swift; path = RegisterViewController.swift; sourceTree = "<group>"; };
		7C9C2ACE2CF3C65600C310BE /* TabBarController.swift */ = {isa = PBXFileReference; lastKnownFileType = sourcecode.swift; path = TabBarController.swift; sourceTree = "<group>"; };
		7C9C2AD02CF3C81500C310BE /* CustomNavigationController.swift */ = {isa = PBXFileReference; lastKnownFileType = sourcecode.swift; path = CustomNavigationController.swift; sourceTree = "<group>"; };
		7C9C2AD22CF3CCBB00C310BE /* CustomTextField.swift */ = {isa = PBXFileReference; lastKnownFileType = sourcecode.swift; path = CustomTextField.swift; sourceTree = "<group>"; };
		7C9C2AD52CF3DEF100C310BE /* SettingsViewController.swift */ = {isa = PBXFileReference; lastKnownFileType = sourcecode.swift; path = SettingsViewController.swift; sourceTree = "<group>"; };
		7C9C2AD92CF946C800C310BE /* HomeService.swift */ = {isa = PBXFileReference; lastKnownFileType = sourcecode.swift; path = HomeService.swift; sourceTree = "<group>"; };
		7CD65BCD2CFA8E2F00269453 /* ReminderViewController.swift */ = {isa = PBXFileReference; lastKnownFileType = sourcecode.swift; path = ReminderViewController.swift; sourceTree = "<group>"; };
		7CD65BD02CFA935900269453 /* CreateTaskViewController.swift */ = {isa = PBXFileReference; lastKnownFileType = sourcecode.swift; path = CreateTaskViewController.swift; sourceTree = "<group>"; };
		7CD65BD32CFAA1B500269453 /* EditTaskViewController.swift */ = {isa = PBXFileReference; lastKnownFileType = sourcecode.swift; path = EditTaskViewController.swift; sourceTree = "<group>"; };
		E86AD7C068F3164348E1BECC /* Pods_ToDoList.framework */ = {isa = PBXFileReference; explicitFileType = wrapper.framework; includeInIndex = 0; path = Pods_ToDoList.framework; sourceTree = BUILT_PRODUCTS_DIR; };
		E9C061B9F2A43574D0EFAAB4 /* Pods-ToDoList.release.xcconfig */ = {isa = PBXFileReference; includeInIndex = 1; lastKnownFileType = text.xcconfig; name = "Pods-ToDoList.release.xcconfig"; path = "Target Support Files/Pods-ToDoList/Pods-ToDoList.release.xcconfig"; sourceTree = "<group>"; };
/* End PBXFileReference section */

/* Begin PBXFrameworksBuildPhase section */
		7C9C2AA52CF3B68100C310BE /* Frameworks */ = {
			isa = PBXFrameworksBuildPhase;
			buildActionMask = 2147483647;
			files = (
				C02A84174A3E872539DFFB2B /* Pods_ToDoList.framework in Frameworks */,
			);
			runOnlyForDeploymentPostprocessing = 0;
		};
/* End PBXFrameworksBuildPhase section */

/* Begin PBXGroup section */
		7C9C2A9F2CF3B68100C310BE = {
			isa = PBXGroup;
			children = (
				7C9C2AAA2CF3B68100C310BE /* ToDoList */,
				7C9C2AA92CF3B68100C310BE /* Products */,
				8C238852E4A15DCA57904BA8 /* Pods */,
				EB315E6BE3D2CCA3CD5EE581 /* Frameworks */,
			);
			sourceTree = "<group>";
		};
		7C9C2AA92CF3B68100C310BE /* Products */ = {
			isa = PBXGroup;
			children = (
				7C9C2AA82CF3B68100C310BE /* ToDoList.app */,
			);
			name = Products;
			sourceTree = "<group>";
		};
		7C9C2AAA2CF3B68100C310BE /* ToDoList */ = {
			isa = PBXGroup;
			children = (
				7C9C2ABF2CF3B84300C310BE /* Scene */,
				7C9C2AAB2CF3B68100C310BE /* AppDelegate.swift */,
				7C9C2AAD2CF3B68100C310BE /* SceneDelegate.swift */,
				7C9C2AAF2CF3B68100C310BE /* ViewController.swift */,
				7C9C2AB12CF3B68100C310BE /* Main.storyboard */,
				7C9C2AB42CF3B68200C310BE /* Assets.xcassets */,
				7C9C2AB62CF3B68200C310BE /* LaunchScreen.storyboard */,
				7C9C2AB92CF3B68200C310BE /* Info.plist */,
			);
			path = ToDoList;
			sourceTree = "<group>";
		};
		7C9C2ABF2CF3B84300C310BE /* Scene */ = {
			isa = PBXGroup;
			children = (
				7CD65BD22CFAA1A800269453 /* Edit */,
				7CD65BCF2CFA934400269453 /* CreateTask */,
				7CD65BCC2CFA8E1700269453 /* Reminder */,
				7C9C2AD42CF3DEE200C310BE /* Settings */,
				7C9C2ACA2CF3C4D200C310BE /* Register */,
				7C9C2AC62CF3C49800C310BE /* Home */,
				7C9C2AC52CF3C48D00C310BE /* Login */,
				7C9C2ACE2CF3C65600C310BE /* TabBarController.swift */,
				7C9C2AD02CF3C81500C310BE /* CustomNavigationController.swift */,
				7C9C2AD22CF3CCBB00C310BE /* CustomTextField.swift */,
			);
			path = Scene;
			sourceTree = "<group>";
		};
		7C9C2AC02CF3B84E00C310BE /* View */ = {
			isa = PBXGroup;
			children = (
				7C9C2AC12CF3B89200C310BE /* HomeViewControler.swift */,
				7C9C2AC32CF3C09F00C310BE /* CustomTableViewCell.swift */,
			);
			path = View;
			sourceTree = "<group>";
		};
		7C9C2AC52CF3C48D00C310BE /* Login */ = {
			isa = PBXGroup;
			children = (
				7C9C2AD72CF9469E00C310BE /* Domain */,
				7C9C2AC72CF3C4A500C310BE /* View */,
			);
			path = Login;
			sourceTree = "<group>";
		};
		7C9C2AC62CF3C49800C310BE /* Home */ = {
			isa = PBXGroup;
			children = (
				7C9C2AC02CF3B84E00C310BE /* View */,
			);
			path = Home;
			sourceTree = "<group>";
		};
		7C9C2AC72CF3C4A500C310BE /* View */ = {
			isa = PBXGroup;
			children = (
				7C9C2AC82CF3C4B100C310BE /* LoginViewController.swift */,
			);
			path = View;
			sourceTree = "<group>";
		};
		7C9C2ACA2CF3C4D200C310BE /* Register */ = {
			isa = PBXGroup;
			children = (
				7C9C2ACB2CF3C4DB00C310BE /* View */,
			);
			path = Register;
			sourceTree = "<group>";
		};
		7C9C2ACB2CF3C4DB00C310BE /* View */ = {
			isa = PBXGroup;
			children = (
				7C9C2ACC2CF3C4E600C310BE /* RegisterViewController.swift */,
			);
			path = View;
			sourceTree = "<group>";
		};
		7C9C2AD42CF3DEE200C310BE /* Settings */ = {
			isa = PBXGroup;
			children = (
				7C9C2AD52CF3DEF100C310BE /* SettingsViewController.swift */,
			);
			path = Settings;
			sourceTree = "<group>";
		};
		7C9C2AD72CF9469E00C310BE /* Domain */ = {
			isa = PBXGroup;
			children = (
				7C9C2AD82CF946A700C310BE /* Service */,
			);
			path = Domain;
			sourceTree = "<group>";
		};
		7C9C2AD82CF946A700C310BE /* Service */ = {
			isa = PBXGroup;
			children = (
				7C9C2AD92CF946C800C310BE /* HomeService.swift */,
			);
			path = Service;
			sourceTree = "<group>";
		};
		7CD65BCC2CFA8E1700269453 /* Reminder */ = {
			isa = PBXGroup;
			children = (
				7CD65BCD2CFA8E2F00269453 /* ReminderViewController.swift */,
			);
			path = Reminder;
			sourceTree = "<group>";
		};
		7CD65BCF2CFA934400269453 /* CreateTask */ = {
			isa = PBXGroup;
			children = (
				7CD65BD02CFA935900269453 /* CreateTaskViewController.swift */,
			);
			path = CreateTask;
			sourceTree = "<group>";
		};
		7CD65BD22CFAA1A800269453 /* Edit */ = {
			isa = PBXGroup;
			children = (
				7CD65BD32CFAA1B500269453 /* EditTaskViewController.swift */,
			);
			path = Edit;
			sourceTree = "<group>";
		};
		8C238852E4A15DCA57904BA8 /* Pods */ = {
			isa = PBXGroup;
			children = (
				45FAC9BFEFED27FE66385109 /* Pods-ToDoList.debug.xcconfig */,
				E9C061B9F2A43574D0EFAAB4 /* Pods-ToDoList.release.xcconfig */,
			);
			path = Pods;
			sourceTree = "<group>";
		};
		EB315E6BE3D2CCA3CD5EE581 /* Frameworks */ = {
			isa = PBXGroup;
			children = (
				E86AD7C068F3164348E1BECC /* Pods_ToDoList.framework */,
			);
			name = Frameworks;
			sourceTree = "<group>";
		};
/* End PBXGroup section */

/* Begin PBXNativeTarget section */
		7C9C2AA72CF3B68100C310BE /* ToDoList */ = {
			isa = PBXNativeTarget;
			buildConfigurationList = 7C9C2ABC2CF3B68200C310BE /* Build configuration list for PBXNativeTarget "ToDoList" */;
			buildPhases = (
				3D3879ABAE171A0D6A2FED20 /* [CP] Check Pods Manifest.lock */,
				7C9C2AA42CF3B68100C310BE /* Sources */,
				7C9C2AA52CF3B68100C310BE /* Frameworks */,
				7C9C2AA62CF3B68100C310BE /* Resources */,
				1A18C86D8E4DC92562A7BE72 /* [CP] Embed Pods Frameworks */,
			);
			buildRules = (
			);
			dependencies = (
			);
			name = ToDoList;
			productName = ToDoList;
			productReference = 7C9C2AA82CF3B68100C310BE /* ToDoList.app */;
			productType = "com.apple.product-type.application";
		};
/* End PBXNativeTarget section */

/* Begin PBXProject section */
		7C9C2AA02CF3B68100C310BE /* Project object */ = {
			isa = PBXProject;
			attributes = {
				BuildIndependentTargetsInParallel = 1;
				LastSwiftUpdateCheck = 1520;
				LastUpgradeCheck = 1520;
				TargetAttributes = {
					7C9C2AA72CF3B68100C310BE = {
						CreatedOnToolsVersion = 15.2;
					};
				};
			};
			buildConfigurationList = 7C9C2AA32CF3B68100C310BE /* Build configuration list for PBXProject "ToDoList" */;
			compatibilityVersion = "Xcode 14.0";
			developmentRegion = en;
			hasScannedForEncodings = 0;
			knownRegions = (
				en,
				Base,
			);
			mainGroup = 7C9C2A9F2CF3B68100C310BE;
			productRefGroup = 7C9C2AA92CF3B68100C310BE /* Products */;
			projectDirPath = "";
			projectRoot = "";
			targets = (
				7C9C2AA72CF3B68100C310BE /* ToDoList */,
			);
		};
/* End PBXProject section */

/* Begin PBXResourcesBuildPhase section */
		7C9C2AA62CF3B68100C310BE /* Resources */ = {
			isa = PBXResourcesBuildPhase;
			buildActionMask = 2147483647;
			files = (
				7C9C2AB82CF3B68200C310BE /* LaunchScreen.storyboard in Resources */,
				7C9C2AB52CF3B68200C310BE /* Assets.xcassets in Resources */,
				7C9C2AB32CF3B68100C310BE /* Main.storyboard in Resources */,
			);
			runOnlyForDeploymentPostprocessing = 0;
		};
/* End PBXResourcesBuildPhase section */

/* Begin PBXShellScriptBuildPhase section */
		1A18C86D8E4DC92562A7BE72 /* [CP] Embed Pods Frameworks */ = {
			isa = PBXShellScriptBuildPhase;
			buildActionMask = 2147483647;
			files = (
			);
			inputFileListPaths = (
				"${PODS_ROOT}/Target Support Files/Pods-ToDoList/Pods-ToDoList-frameworks-${CONFIGURATION}-input-files.xcfilelist",
			);
			name = "[CP] Embed Pods Frameworks";
			outputFileListPaths = (
				"${PODS_ROOT}/Target Support Files/Pods-ToDoList/Pods-ToDoList-frameworks-${CONFIGURATION}-output-files.xcfilelist",
			);
			runOnlyForDeploymentPostprocessing = 0;
			shellPath = /bin/sh;
			shellScript = "\"${PODS_ROOT}/Target Support Files/Pods-ToDoList/Pods-ToDoList-frameworks.sh\"\n";
			showEnvVarsInLog = 0;
		};
		3D3879ABAE171A0D6A2FED20 /* [CP] Check Pods Manifest.lock */ = {
			isa = PBXShellScriptBuildPhase;
			buildActionMask = 2147483647;
			files = (
			);
			inputFileListPaths = (
			);
			inputPaths = (
				"${PODS_PODFILE_DIR_PATH}/Podfile.lock",
				"${PODS_ROOT}/Manifest.lock",
			);
			name = "[CP] Check Pods Manifest.lock";
			outputFileListPaths = (
			);
			outputPaths = (
				"$(DERIVED_FILE_DIR)/Pods-ToDoList-checkManifestLockResult.txt",
			);
			runOnlyForDeploymentPostprocessing = 0;
			shellPath = /bin/sh;
			shellScript = "diff \"${PODS_PODFILE_DIR_PATH}/Podfile.lock\" \"${PODS_ROOT}/Manifest.lock\" > /dev/null\nif [ $? != 0 ] ; then\n    # print error to STDERR\n    echo \"error: The sandbox is not in sync with the Podfile.lock. Run 'pod install' or update your CocoaPods installation.\" >&2\n    exit 1\nfi\n# This output is used by Xcode 'outputs' to avoid re-running this script phase.\necho \"SUCCESS\" > \"${SCRIPT_OUTPUT_FILE_0}\"\n";
			showEnvVarsInLog = 0;
		};
/* End PBXShellScriptBuildPhase section */

/* Begin PBXSourcesBuildPhase section */
		7C9C2AA42CF3B68100C310BE /* Sources */ = {
			isa = PBXSourcesBuildPhase;
			buildActionMask = 2147483647;
			files = (
				7C9C2AC92CF3C4B100C310BE /* LoginViewController.swift in Sources */,
				7C9C2ACF2CF3C65600C310BE /* TabBarController.swift in Sources */,
				7C9C2AD62CF3DEF100C310BE /* SettingsViewController.swift in Sources */,
				7C9C2AB02CF3B68100C310BE /* ViewController.swift in Sources */,
				7CD65BCE2CFA8E2F00269453 /* ReminderViewController.swift in Sources */,
				7C9C2AD12CF3C81500C310BE /* CustomNavigationController.swift in Sources */,
				7C9C2AD32CF3CCBB00C310BE /* CustomTextField.swift in Sources */,
				7CD65BD42CFAA1B500269453 /* EditTaskViewController.swift in Sources */,
				7C9C2ADA2CF946C800C310BE /* HomeService.swift in Sources */,
				7C9C2ACD2CF3C4E600C310BE /* RegisterViewController.swift in Sources */,
				7C9C2AC42CF3C09F00C310BE /* CustomTableViewCell.swift in Sources */,
				7C9C2AAC2CF3B68100C310BE /* AppDelegate.swift in Sources */,
				7C9C2AC22CF3B89200C310BE /* HomeViewControler.swift in Sources */,
				7C9C2AAE2CF3B68100C310BE /* SceneDelegate.swift in Sources */,
				7CD65BD12CFA935900269453 /* CreateTaskViewController.swift in Sources */,
			);
			runOnlyForDeploymentPostprocessing = 0;
		};
/* End PBXSourcesBuildPhase section */

/* Begin PBXVariantGroup section */
		7C9C2AB12CF3B68100C310BE /* Main.storyboard */ = {
			isa = PBXVariantGroup;
			children = (
				7C9C2AB22CF3B68100C310BE /* Base */,
			);
			name = Main.storyboard;
			sourceTree = "<group>";
		};
		7C9C2AB62CF3B68200C310BE /* LaunchScreen.storyboard */ = {
			isa = PBXVariantGroup;
			children = (
				7C9C2AB72CF3B68200C310BE /* Base */,
			);
			name = LaunchScreen.storyboard;
			sourceTree = "<group>";
		};
/* End PBXVariantGroup section */

/* Begin XCBuildConfiguration section */
		7C9C2ABA2CF3B68200C310BE /* Debug */ = {
			isa = XCBuildConfiguration;
			buildSettings = {
				ALWAYS_SEARCH_USER_PATHS = NO;
				ASSETCATALOG_COMPILER_GENERATE_SWIFT_ASSET_SYMBOL_EXTENSIONS = YES;
				CLANG_ANALYZER_NONNULL = YES;
				CLANG_ANALYZER_NUMBER_OBJECT_CONVERSION = YES_AGGRESSIVE;
				CLANG_CXX_LANGUAGE_STANDARD = "gnu++20";
				CLANG_ENABLE_MODULES = YES;
				CLANG_ENABLE_OBJC_ARC = YES;
				CLANG_ENABLE_OBJC_WEAK = YES;
				CLANG_WARN_BLOCK_CAPTURE_AUTORELEASING = YES;
				CLANG_WARN_BOOL_CONVERSION = YES;
				CLANG_WARN_COMMA = YES;
				CLANG_WARN_CONSTANT_CONVERSION = YES;
				CLANG_WARN_DEPRECATED_OBJC_IMPLEMENTATIONS = YES;
				CLANG_WARN_DIRECT_OBJC_ISA_USAGE = YES_ERROR;
				CLANG_WARN_DOCUMENTATION_COMMENTS = YES;
				CLANG_WARN_EMPTY_BODY = YES;
				CLANG_WARN_ENUM_CONVERSION = YES;
				CLANG_WARN_INFINITE_RECURSION = YES;
				CLANG_WARN_INT_CONVERSION = YES;
				CLANG_WARN_NON_LITERAL_NULL_CONVERSION = YES;
				CLANG_WARN_OBJC_IMPLICIT_RETAIN_SELF = YES;
				CLANG_WARN_OBJC_LITERAL_CONVERSION = YES;
				CLANG_WARN_OBJC_ROOT_CLASS = YES_ERROR;
				CLANG_WARN_QUOTED_INCLUDE_IN_FRAMEWORK_HEADER = YES;
				CLANG_WARN_RANGE_LOOP_ANALYSIS = YES;
				CLANG_WARN_STRICT_PROTOTYPES = YES;
				CLANG_WARN_SUSPICIOUS_MOVE = YES;
				CLANG_WARN_UNGUARDED_AVAILABILITY = YES_AGGRESSIVE;
				CLANG_WARN_UNREACHABLE_CODE = YES;
				CLANG_WARN__DUPLICATE_METHOD_MATCH = YES;
				COPY_PHASE_STRIP = NO;
				DEBUG_INFORMATION_FORMAT = dwarf;
				ENABLE_STRICT_OBJC_MSGSEND = YES;
				ENABLE_TESTABILITY = YES;
				ENABLE_USER_SCRIPT_SANDBOXING = YES;
				GCC_C_LANGUAGE_STANDARD = gnu17;
				GCC_DYNAMIC_NO_PIC = NO;
				GCC_NO_COMMON_BLOCKS = YES;
				GCC_OPTIMIZATION_LEVEL = 0;
				GCC_PREPROCESSOR_DEFINITIONS = (
					"DEBUG=1",
					"$(inherited)",
				);
				GCC_WARN_64_TO_32_BIT_CONVERSION = YES;
				GCC_WARN_ABOUT_RETURN_TYPE = YES_ERROR;
				GCC_WARN_UNDECLARED_SELECTOR = YES;
				GCC_WARN_UNINITIALIZED_AUTOS = YES_AGGRESSIVE;
				GCC_WARN_UNUSED_FUNCTION = YES;
				GCC_WARN_UNUSED_VARIABLE = YES;
				IPHONEOS_DEPLOYMENT_TARGET = 17.0;
				LOCALIZATION_PREFERS_STRING_CATALOGS = YES;
				MTL_ENABLE_DEBUG_INFO = INCLUDE_SOURCE;
				MTL_FAST_MATH = YES;
				ONLY_ACTIVE_ARCH = YES;
				SDKROOT = iphoneos;
				SWIFT_ACTIVE_COMPILATION_CONDITIONS = "DEBUG $(inherited)";
				SWIFT_OPTIMIZATION_LEVEL = "-Onone";
			};
			name = Debug;
		};
		7C9C2ABB2CF3B68200C310BE /* Release */ = {
			isa = XCBuildConfiguration;
			buildSettings = {
				ALWAYS_SEARCH_USER_PATHS = NO;
				ASSETCATALOG_COMPILER_GENERATE_SWIFT_ASSET_SYMBOL_EXTENSIONS = YES;
				CLANG_ANALYZER_NONNULL = YES;
				CLANG_ANALYZER_NUMBER_OBJECT_CONVERSION = YES_AGGRESSIVE;
				CLANG_CXX_LANGUAGE_STANDARD = "gnu++20";
				CLANG_ENABLE_MODULES = YES;
				CLANG_ENABLE_OBJC_ARC = YES;
				CLANG_ENABLE_OBJC_WEAK = YES;
				CLANG_WARN_BLOCK_CAPTURE_AUTORELEASING = YES;
				CLANG_WARN_BOOL_CONVERSION = YES;
				CLANG_WARN_COMMA = YES;
				CLANG_WARN_CONSTANT_CONVERSION = YES;
				CLANG_WARN_DEPRECATED_OBJC_IMPLEMENTATIONS = YES;
				CLANG_WARN_DIRECT_OBJC_ISA_USAGE = YES_ERROR;
				CLANG_WARN_DOCUMENTATION_COMMENTS = YES;
				CLANG_WARN_EMPTY_BODY = YES;
				CLANG_WARN_ENUM_CONVERSION = YES;
				CLANG_WARN_INFINITE_RECURSION = YES;
				CLANG_WARN_INT_CONVERSION = YES;
				CLANG_WARN_NON_LITERAL_NULL_CONVERSION = YES;
				CLANG_WARN_OBJC_IMPLICIT_RETAIN_SELF = YES;
				CLANG_WARN_OBJC_LITERAL_CONVERSION = YES;
				CLANG_WARN_OBJC_ROOT_CLASS = YES_ERROR;
				CLANG_WARN_QUOTED_INCLUDE_IN_FRAMEWORK_HEADER = YES;
				CLANG_WARN_RANGE_LOOP_ANALYSIS = YES;
				CLANG_WARN_STRICT_PROTOTYPES = YES;
				CLANG_WARN_SUSPICIOUS_MOVE = YES;
				CLANG_WARN_UNGUARDED_AVAILABILITY = YES_AGGRESSIVE;
				CLANG_WARN_UNREACHABLE_CODE = YES;
				CLANG_WARN__DUPLICATE_METHOD_MATCH = YES;
				COPY_PHASE_STRIP = NO;
				DEBUG_INFORMATION_FORMAT = "dwarf-with-dsym";
				ENABLE_NS_ASSERTIONS = NO;
				ENABLE_STRICT_OBJC_MSGSEND = YES;
				ENABLE_USER_SCRIPT_SANDBOXING = YES;
				GCC_C_LANGUAGE_STANDARD = gnu17;
				GCC_NO_COMMON_BLOCKS = YES;
				GCC_WARN_64_TO_32_BIT_CONVERSION = YES;
				GCC_WARN_ABOUT_RETURN_TYPE = YES_ERROR;
				GCC_WARN_UNDECLARED_SELECTOR = YES;
				GCC_WARN_UNINITIALIZED_AUTOS = YES_AGGRESSIVE;
				GCC_WARN_UNUSED_FUNCTION = YES;
				GCC_WARN_UNUSED_VARIABLE = YES;
				IPHONEOS_DEPLOYMENT_TARGET = 17.0;
				LOCALIZATION_PREFERS_STRING_CATALOGS = YES;
				MTL_ENABLE_DEBUG_INFO = NO;
				MTL_FAST_MATH = YES;
				SDKROOT = iphoneos;
				SWIFT_COMPILATION_MODE = wholemodule;
				VALIDATE_PRODUCT = YES;
			};
			name = Release;
		};
		7C9C2ABD2CF3B68200C310BE /* Debug */ = {
			isa = XCBuildConfiguration;
			baseConfigurationReference = 45FAC9BFEFED27FE66385109 /* Pods-ToDoList.debug.xcconfig */;
			buildSettings = {
				ASSETCATALOG_COMPILER_APPICON_NAME = AppIcon;
				ASSETCATALOG_COMPILER_GLOBAL_ACCENT_COLOR_NAME = AccentColor;
				CODE_SIGN_STYLE = Automatic;
				CURRENT_PROJECT_VERSION = 1;
				ENABLE_USER_SCRIPT_SANDBOXING = NO;
				GENERATE_INFOPLIST_FILE = YES;
				INFOPLIST_FILE = ToDoList/Info.plist;
				INFOPLIST_KEY_UIApplicationSupportsIndirectInputEvents = YES;
				INFOPLIST_KEY_UILaunchStoryboardName = LaunchScreen;
				INFOPLIST_KEY_UIMainStoryboardFile = Main;
				INFOPLIST_KEY_UISupportedInterfaceOrientations_iPad = "UIInterfaceOrientationPortrait UIInterfaceOrientationPortraitUpsideDown UIInterfaceOrientationLandscapeLeft UIInterfaceOrientationLandscapeRight";
				INFOPLIST_KEY_UISupportedInterfaceOrientations_iPhone = "UIInterfaceOrientationPortrait UIInterfaceOrientationLandscapeLeft UIInterfaceOrientationLandscapeRight";
				IPHONEOS_DEPLOYMENT_TARGET = 17.0;
				LD_RUNPATH_SEARCH_PATHS = (
					"$(inherited)",
					"@executable_path/Frameworks",
				);
				MARKETING_VERSION = 1.0;
				PRODUCT_BUNDLE_IDENTIFIER = project.ToDoList;
				PRODUCT_NAME = "$(TARGET_NAME)";
				SWIFT_EMIT_LOC_STRINGS = YES;
				SWIFT_VERSION = 5.0;
				TARGETED_DEVICE_FAMILY = "1,2";
			};
			name = Debug;
		};
		7C9C2ABE2CF3B68200C310BE /* Release */ = {
			isa = XCBuildConfiguration;
			baseConfigurationReference = E9C061B9F2A43574D0EFAAB4 /* Pods-ToDoList.release.xcconfig */;
			buildSettings = {
				ASSETCATALOG_COMPILER_APPICON_NAME = AppIcon;
				ASSETCATALOG_COMPILER_GLOBAL_ACCENT_COLOR_NAME = AccentColor;
				CODE_SIGN_STYLE = Automatic;
				CURRENT_PROJECT_VERSION = 1;
				ENABLE_USER_SCRIPT_SANDBOXING = NO;
				GENERATE_INFOPLIST_FILE = YES;
				INFOPLIST_FILE = ToDoList/Info.plist;
				INFOPLIST_KEY_UIApplicationSupportsIndirectInputEvents = YES;
				INFOPLIST_KEY_UILaunchStoryboardName = LaunchScreen;
				INFOPLIST_KEY_UIMainStoryboardFile = Main;
				INFOPLIST_KEY_UISupportedInterfaceOrientations_iPad = "UIInterfaceOrientationPortrait UIInterfaceOrientationPortraitUpsideDown UIInterfaceOrientationLandscapeLeft UIInterfaceOrientationLandscapeRight";
				INFOPLIST_KEY_UISupportedInterfaceOrientations_iPhone = "UIInterfaceOrientationPortrait UIInterfaceOrientationLandscapeLeft UIInterfaceOrientationLandscapeRight";
				IPHONEOS_DEPLOYMENT_TARGET = 17.0;
				LD_RUNPATH_SEARCH_PATHS = (
					"$(inherited)",
					"@executable_path/Frameworks",
				);
				MARKETING_VERSION = 1.0;
				PRODUCT_BUNDLE_IDENTIFIER = project.ToDoList;
				PRODUCT_NAME = "$(TARGET_NAME)";
				SWIFT_EMIT_LOC_STRINGS = YES;
				SWIFT_VERSION = 5.0;
				TARGETED_DEVICE_FAMILY = "1,2";
			};
			name = Release;
		};
/* End XCBuildConfiguration section */

/* Begin XCConfigurationList section */
		7C9C2AA32CF3B68100C310BE /* Build configuration list for PBXProject "ToDoList" */ = {
			isa = XCConfigurationList;
			buildConfigurations = (
				7C9C2ABA2CF3B68200C310BE /* Debug */,
				7C9C2ABB2CF3B68200C310BE /* Release */,
			);
			defaultConfigurationIsVisible = 0;
			defaultConfigurationName = Release;
		};
		7C9C2ABC2CF3B68200C310BE /* Build configuration list for PBXNativeTarget "ToDoList" */ = {
			isa = XCConfigurationList;
			buildConfigurations = (
				7C9C2ABD2CF3B68200C310BE /* Debug */,
				7C9C2ABE2CF3B68200C310BE /* Release */,
			);
			defaultConfigurationIsVisible = 0;
			defaultConfigurationName = Release;
		};
/* End XCConfigurationList section */
	};
	rootObject = 7C9C2AA02CF3B68100C310BE /* Project object */;
}
